
Microsoft Visual Studio Solution File, Format Version 12.00
# Visual Studio Version 16
VisualStudioVersion = 16.0.32126.315
MinimumVisualStudioVersion = 10.0.40219.1
Project("{9A19103F-16F7-4668-BE54-9A1E7A4F7556}") = "OnlineShoppingApplication", "OnlineShoppingApplication.csproj", "{FCE46FC4-72D1-4707-84CD-BCE992774668}"
EndProject
Project("{9A19103F-16F7-4668-BE54-9A1E7A4F7556}") = "DataCart", "..\CartData\DataCart.csproj", "{B6ECB31B-4865-4213-BF15-66D868F21E76}"
EndProject
Project("{9A19103F-16F7-4668-BE54-9A1E7A4F7556}") = "ProcessCart", "..\CartProcess\ProcessCart.csproj", "{B5FF1B3A-EEE3-44DC-AD89-DB05E4687E57}"
EndProject
Global
	GlobalSection(SolutionConfigurationPlatforms) = preSolution
		Debug|Any CPU = Debug|Any CPU
		Release|Any CPU = Release|Any CPU
	EndGlobalSection
	GlobalSection(ProjectConfigurationPlatforms) = postSolution
		{FCE46FC4-72D1-4707-84CD-BCE992774668}.Debug|Any CPU.ActiveCfg = Debug|Any CPU
		{FCE46FC4-72D1-4707-84CD-BCE992774668}.Debug|Any CPU.Build.0 = Debug|Any CPU
		{FCE46FC4-72D1-4707-84CD-BCE992774668}.Release|Any CPU.ActiveCfg = Release|Any CPU
		{FCE46FC4-72D1-4707-84CD-BCE992774668}.Release|Any CPU.Build.0 = Release|Any CPU
		{B6ECB31B-4865-4213-BF15-66D868F21E76}.Debug|Any CPU.ActiveCfg = Debug|Any CPU
		{B6ECB31B-4865-4213-BF15-66D868F21E76}.Debug|Any CPU.Build.0 = Debug|Any CPU
		{B6ECB31B-4865-4213-BF15-66D868F21E76}.Release|Any CPU.ActiveCfg = Release|Any CPU
		{B6ECB31B-4865-4213-BF15-66D868F21E76}.Release|Any CPU.Build.0 = Release|Any CPU
		{B5FF1B3A-EEE3-44DC-AD89-DB05E4687E57}.Debug|Any CPU.ActiveCfg = Debug|Any CPU
		{B5FF1B3A-EEE3-44DC-AD89-DB05E4687E57}.Debug|Any CPU.Build.0 = Debug|Any CPU
		{B5FF1B3A-EEE3-44DC-AD89-DB05E4687E57}.Release|Any CPU.ActiveCfg = Release|Any CPU
		{B5FF1B3A-EEE3-44DC-AD89-DB05E4687E57}.Release|Any CPU.Build.0 = Release|Any CPU
	EndGlobalSection
	GlobalSection(SolutionProperties) = preSolution
		HideSolutionNode = FALSE
	EndGlobalSection
	GlobalSection(ExtensibilityGlobals) = postSolution
		SolutionGuid = {F9045E6B-6E1F-4DAA-A4AB-A6CEBF494AFD}
	EndGlobalSection
EndGlobal
